
Microsoft Visual Studio Solution File, Format Version 12.00
# Visual Studio Version 16
VisualStudioVersion = 16.0.30523.141
MinimumVisualStudioVersion = 10.0.40219.1
Project("{9A19103F-16F7-4668-BE54-9A1E7A4F7556}") = "Individualize-WebAPI", "Individualize\Individualize-WebAPI.csproj", "{07F85721-52B7-4878-A564-5DF2DD0BFCE3}"
EndProject
Global
	GlobalSection(SolutionConfigurationPlatforms) = preSolution
		Debug|Any CPU = Debug|Any CPU
		Release|Any CPU = Release|Any CPU
	EndGlobalSection
	GlobalSection(ProjectConfigurationPlatforms) = postSolution
		{07F85721-52B7-4878-A564-5DF2DD0BFCE3}.Debug|Any CPU.ActiveCfg = Debug|Any CPU
		{07F85721-52B7-4878-A564-5DF2DD0BFCE3}.Debug|Any CPU.Build.0 = Debug|Any CPU
		{07F85721-52B7-4878-A564-5DF2DD0BFCE3}.Release|Any CPU.ActiveCfg = Release|Any CPU
		{07F85721-52B7-4878-A564-5DF2DD0BFCE3}.Release|Any CPU.Build.0 = Release|Any CPU
	EndGlobalSection
	GlobalSection(SolutionProperties) = preSolution
		HideSolutionNode = FALSE
	EndGlobalSection
	GlobalSection(ExtensibilityGlobals) = postSolution
		SolutionGuid = {E2D047FE-2588-4EFF-821E-EB21ED48E47B}
	EndGlobalSection
EndGlobal
